
Microsoft Visual Studio Solution File, Format Version 12.00
# Visual Studio Version 17
VisualStudioVersion = 17.3.32901.215
MinimumVisualStudioVersion = 10.0.40219.1
Project("{9A19103F-16F7-4668-BE54-9A1E7A4F7556}") = "CinemaVendas.Core", "CinemaVendas.Core\CinemaVendas.Core.csproj", "{F81AA411-40B6-4BB8-9DD5-B293B294F15F}"
EndProject
Project("{9A19103F-16F7-4668-BE54-9A1E7A4F7556}") = "CinemaVendas.API", "CinemaVendas.API\CinemaVendas.API.csproj", "{B5339C64-6411-4A1B-827A-3CB49FFF3B51}"
EndProject
Project("{FAE04EC0-301F-11D3-BF4B-00C04F79EFBC}") = "CinemaVendas.Core.Test", "CinemaVendas.Core.Test\CinemaVendas.Core.Test.csproj", "{D8A102E5-24AE-4628-B03E-4656A0E9EB1D}"
EndProject
Project("{FAE04EC0-301F-11D3-BF4B-00C04F79EFBC}") = "CinemaVendas.API.Test", "CinemaVendas.API.Test\CinemaVendas.API.Test.csproj", "{20EF1D35-32CB-4374-9D54-ABFA63883DDE}"
EndProject
Global
	GlobalSection(SolutionConfigurationPlatforms) = preSolution
		Debug|Any CPU = Debug|Any CPU
		Release|Any CPU = Release|Any CPU
	EndGlobalSection
	GlobalSection(ProjectConfigurationPlatforms) = postSolution
		{F81AA411-40B6-4BB8-9DD5-B293B294F15F}.Debug|Any CPU.ActiveCfg = Debug|Any CPU
		{F81AA411-40B6-4BB8-9DD5-B293B294F15F}.Debug|Any CPU.Build.0 = Debug|Any CPU
		{F81AA411-40B6-4BB8-9DD5-B293B294F15F}.Release|Any CPU.ActiveCfg = Release|Any CPU
		{F81AA411-40B6-4BB8-9DD5-B293B294F15F}.Release|Any CPU.Build.0 = Release|Any CPU
		{B5339C64-6411-4A1B-827A-3CB49FFF3B51}.Debug|Any CPU.ActiveCfg = Debug|Any CPU
		{B5339C64-6411-4A1B-827A-3CB49FFF3B51}.Debug|Any CPU.Build.0 = Debug|Any CPU
		{B5339C64-6411-4A1B-827A-3CB49FFF3B51}.Release|Any CPU.ActiveCfg = Release|Any CPU
		{B5339C64-6411-4A1B-827A-3CB49FFF3B51}.Release|Any CPU.Build.0 = Release|Any CPU
		{D8A102E5-24AE-4628-B03E-4656A0E9EB1D}.Debug|Any CPU.ActiveCfg = Debug|Any CPU
		{D8A102E5-24AE-4628-B03E-4656A0E9EB1D}.Debug|Any CPU.Build.0 = Debug|Any CPU
		{D8A102E5-24AE-4628-B03E-4656A0E9EB1D}.Release|Any CPU.ActiveCfg = Release|Any CPU
		{D8A102E5-24AE-4628-B03E-4656A0E9EB1D}.Release|Any CPU.Build.0 = Release|Any CPU
		{20EF1D35-32CB-4374-9D54-ABFA63883DDE}.Debug|Any CPU.ActiveCfg = Debug|Any CPU
		{20EF1D35-32CB-4374-9D54-ABFA63883DDE}.Debug|Any CPU.Build.0 = Debug|Any CPU
		{20EF1D35-32CB-4374-9D54-ABFA63883DDE}.Release|Any CPU.ActiveCfg = Release|Any CPU
		{20EF1D35-32CB-4374-9D54-ABFA63883DDE}.Release|Any CPU.Build.0 = Release|Any CPU
	EndGlobalSection
	GlobalSection(SolutionProperties) = preSolution
		HideSolutionNode = FALSE
	EndGlobalSection
	GlobalSection(ExtensibilityGlobals) = postSolution
		SolutionGuid = {E2DB5B93-A3C4-4369-84E3-FB06DC128B94}
	EndGlobalSection
EndGlobal
